// !$*UTF8*$!
{
	archiveVersion = 1;
	classes = {
	};
	objectVersion = 46;
	objects = {

/* Begin PBXBuildFile section */
		331001071FBA552600017F56 /* PromotionsTVCell.swift in Sources */ = {isa = PBXBuildFile; fileRef = 331001061FBA552600017F56 /* PromotionsTVCell.swift */; };
		334E51641FB923BC00C2CB90 /* CategoriesVC.swift in Sources */ = {isa = PBXBuildFile; fileRef = 334E51631FB923BC00C2CB90 /* CategoriesVC.swift */; };
		339695681FBA0A66005CA008 /* LoginVC.swift in Sources */ = {isa = PBXBuildFile; fileRef = 339695671FBA0A66005CA008 /* LoginVC.swift */; };
		3396956A1FBA0E43005CA008 /* RegisterVC.swift in Sources */ = {isa = PBXBuildFile; fileRef = 339695691FBA0E43005CA008 /* RegisterVC.swift */; };
		3396956C1FBA1F05005CA008 /* PetsCategoryTVCell.swift in Sources */ = {isa = PBXBuildFile; fileRef = 3396956B1FBA1F05005CA008 /* PetsCategoryTVCell.swift */; };
		3396956E1FBA1F66005CA008 /* PetsCategoryCVCell.swift in Sources */ = {isa = PBXBuildFile; fileRef = 3396956D1FBA1F66005CA008 /* PetsCategoryCVCell.swift */; };
		339695701FBA3880005CA008 /* Extensions.swift in Sources */ = {isa = PBXBuildFile; fileRef = 3396956F1FBA3880005CA008 /* Extensions.swift */; };
		33ABD2B31FB9E5B200F89BC4 /* SliderTVCell.swift in Sources */ = {isa = PBXBuildFile; fileRef = 33ABD2B21FB9E5B200F89BC4 /* SliderTVCell.swift */; };
		33ABD2B51FB9E5D800F89BC4 /* SliderCVCell.swift in Sources */ = {isa = PBXBuildFile; fileRef = 33ABD2B41FB9E5D800F89BC4 /* SliderCVCell.swift */; };
		33CC54251F97968E001F0F6A /* AppDelegate.swift in Sources */ = {isa = PBXBuildFile; fileRef = 33CC54241F97968E001F0F6A /* AppDelegate.swift */; };
		33CC54271F97968E001F0F6A /* HomeTVC.swift in Sources */ = {isa = PBXBuildFile; fileRef = 33CC54261F97968E001F0F6A /* HomeTVC.swift */; };
		33CC542A1F97968E001F0F6A /* Main.storyboard in Resources */ = {isa = PBXBuildFile; fileRef = 33CC54281F97968E001F0F6A /* Main.storyboard */; };
		33CC542C1F97968E001F0F6A /* Assets.xcassets in Resources */ = {isa = PBXBuildFile; fileRef = 33CC542B1F97968E001F0F6A /* Assets.xcassets */; };
		33CC542F1F97968E001F0F6A /* LaunchScreen.storyboard in Resources */ = {isa = PBXBuildFile; fileRef = 33CC542D1F97968E001F0F6A /* LaunchScreen.storyboard */; };
/* End PBXBuildFile section */

/* Begin PBXFileReference section */
		331001061FBA552600017F56 /* PromotionsTVCell.swift */ = {isa = PBXFileReference; lastKnownFileType = sourcecode.swift; path = PromotionsTVCell.swift; sourceTree = "<group>"; };
		334E51631FB923BC00C2CB90 /* CategoriesVC.swift */ = {isa = PBXFileReference; lastKnownFileType = sourcecode.swift; path = CategoriesVC.swift; sourceTree = "<group>"; };
		339695671FBA0A66005CA008 /* LoginVC.swift */ = {isa = PBXFileReference; lastKnownFileType = sourcecode.swift; path = LoginVC.swift; sourceTree = "<group>"; };
		339695691FBA0E43005CA008 /* RegisterVC.swift */ = {isa = PBXFileReference; lastKnownFileType = sourcecode.swift; path = RegisterVC.swift; sourceTree = "<group>"; };
		3396956B1FBA1F05005CA008 /* PetsCategoryTVCell.swift */ = {isa = PBXFileReference; lastKnownFileType = sourcecode.swift; path = PetsCategoryTVCell.swift; sourceTree = "<group>"; };
		3396956D1FBA1F66005CA008 /* PetsCategoryCVCell.swift */ = {isa = PBXFileReference; lastKnownFileType = sourcecode.swift; path = PetsCategoryCVCell.swift; sourceTree = "<group>"; };
		3396956F1FBA3880005CA008 /* Extensions.swift */ = {isa = PBXFileReference; lastKnownFileType = sourcecode.swift; path = Extensions.swift; sourceTree = "<group>"; };
		33ABD2B21FB9E5B200F89BC4 /* SliderTVCell.swift */ = {isa = PBXFileReference; lastKnownFileType = sourcecode.swift; path = SliderTVCell.swift; sourceTree = "<group>"; };
		33ABD2B41FB9E5D800F89BC4 /* SliderCVCell.swift */ = {isa = PBXFileReference; lastKnownFileType = sourcecode.swift; path = SliderCVCell.swift; sourceTree = "<group>"; };
		33CC54211F97968E001F0F6A /* Petsco.app */ = {isa = PBXFileReference; explicitFileType = wrapper.application; includeInIndex = 0; path = Petsco.app; sourceTree = BUILT_PRODUCTS_DIR; };
		33CC54241F97968E001F0F6A /* AppDelegate.swift */ = {isa = PBXFileReference; lastKnownFileType = sourcecode.swift; path = AppDelegate.swift; sourceTree = "<group>"; };
		33CC54261F97968E001F0F6A /* HomeTVC.swift */ = {isa = PBXFileReference; lastKnownFileType = sourcecode.swift; path = HomeTVC.swift; sourceTree = "<group>"; };
		33CC54291F97968E001F0F6A /* Base */ = {isa = PBXFileReference; lastKnownFileType = file.storyboard; name = Base; path = Base.lproj/Main.storyboard; sourceTree = "<group>"; };
		33CC542B1F97968E001F0F6A /* Assets.xcassets */ = {isa = PBXFileReference; lastKnownFileType = folder.assetcatalog; path = Assets.xcassets; sourceTree = "<group>"; };
		33CC542E1F97968E001F0F6A /* Base */ = {isa = PBXFileReference; lastKnownFileType = file.storyboard; name = Base; path = Base.lproj/LaunchScreen.storyboard; sourceTree = "<group>"; };
		33CC54301F97968E001F0F6A /* Info.plist */ = {isa = PBXFileReference; lastKnownFileType = text.plist.xml; path = Info.plist; sourceTree = "<group>"; };
/* End PBXFileReference section */

/* Begin PBXFrameworksBuildPhase section */
		33CC541E1F97968E001F0F6A /* Frameworks */ = {
			isa = PBXFrameworksBuildPhase;
			buildActionMask = 2147483647;
			files = (
			);
			runOnlyForDeploymentPostprocessing = 0;
		};
/* End PBXFrameworksBuildPhase section */

/* Begin PBXGroup section */
		33ABD2B11FB9E58F00F89BC4 /* Controllers */ = {
			isa = PBXGroup;
			children = (
				33CC54261F97968E001F0F6A /* HomeTVC.swift */,
				334E51631FB923BC00C2CB90 /* CategoriesVC.swift */,
				339695671FBA0A66005CA008 /* LoginVC.swift */,
				339695691FBA0E43005CA008 /* RegisterVC.swift */,
			);
			path = Controllers;
			sourceTree = "<group>";
		};
		33ABD2B61FB9E5E300F89BC4 /* Cells */ = {
			isa = PBXGroup;
			children = (
				33ABD2B21FB9E5B200F89BC4 /* SliderTVCell.swift */,
				33ABD2B41FB9E5D800F89BC4 /* SliderCVCell.swift */,
				3396956B1FBA1F05005CA008 /* PetsCategoryTVCell.swift */,
				3396956D1FBA1F66005CA008 /* PetsCategoryCVCell.swift */,
				331001061FBA552600017F56 /* PromotionsTVCell.swift */,
			);
			path = Cells;
			sourceTree = "<group>";
		};
		33CC54181F97968E001F0F6A = {
			isa = PBXGroup;
			children = (
				33CC54231F97968E001F0F6A /* Petsco */,
				33CC54221F97968E001F0F6A /* Products */,
			);
			sourceTree = "<group>";
		};
		33CC54221F97968E001F0F6A /* Products */ = {
			isa = PBXGroup;
			children = (
				33CC54211F97968E001F0F6A /* Petsco.app */,
			);
			name = Products;
			sourceTree = "<group>";
		};
		33CC54231F97968E001F0F6A /* Petsco */ = {
			isa = PBXGroup;
			children = (
				33ABD2B11FB9E58F00F89BC4 /* Controllers */,
				33ABD2B61FB9E5E300F89BC4 /* Cells */,
				33CC54241F97968E001F0F6A /* AppDelegate.swift */,
				33CC54281F97968E001F0F6A /* Main.storyboard */,
				33CC542B1F97968E001F0F6A /* Assets.xcassets */,
				33CC542D1F97968E001F0F6A /* LaunchScreen.storyboard */,
				33CC54301F97968E001F0F6A /* Info.plist */,
				3396956F1FBA3880005CA008 /* Extensions.swift */,
			);
			path = Petsco;
			sourceTree = "<group>";
		};
/* End PBXGroup section */

/* Begin PBXNativeTarget section */
		33CC54201F97968E001F0F6A /* Petsco */ = {
			isa = PBXNativeTarget;
			buildConfigurationList = 33CC54331F97968E001F0F6A /* Build configuration list for PBXNativeTarget "Petsco" */;
			buildPhases = (
				33CC541D1F97968E001F0F6A /* Sources */,
				33CC541E1F97968E001F0F6A /* Frameworks */,
				33CC541F1F97968E001F0F6A /* Resources */,
			);
			buildRules = (
			);
			dependencies = (
			);
			name = Petsco;
			productName = Petsco;
			productReference = 33CC54211F97968E001F0F6A /* Petsco.app */;
			productType = "com.apple.product-type.application";
		};
/* End PBXNativeTarget section */

/* Begin PBXProject section */
		33CC54191F97968E001F0F6A /* Project object */ = {
			isa = PBXProject;
			attributes = {
				LastSwiftUpdateCheck = 0830;
				LastUpgradeCheck = 0830;
				ORGANIZATIONNAME = Petsco;
				TargetAttributes = {
					33CC54201F97968E001F0F6A = {
						CreatedOnToolsVersion = 8.3.3;
						ProvisioningStyle = Manual;
					};
				};
			};
			buildConfigurationList = 33CC541C1F97968E001F0F6A /* Build configuration list for PBXProject "Petsco" */;
			compatibilityVersion = "Xcode 3.2";
			developmentRegion = English;
			hasScannedForEncodings = 0;
			knownRegions = (
				en,
				Base,
			);
			mainGroup = 33CC54181F97968E001F0F6A;
			productRefGroup = 33CC54221F97968E001F0F6A /* Products */;
			projectDirPath = "";
			projectRoot = "";
			targets = (
				33CC54201F97968E001F0F6A /* Petsco */,
			);
		};
/* End PBXProject section */

/* Begin PBXResourcesBuildPhase section */
		33CC541F1F97968E001F0F6A /* Resources */ = {
			isa = PBXResourcesBuildPhase;
			buildActionMask = 2147483647;
			files = (
				33CC542F1F97968E001F0F6A /* LaunchScreen.storyboard in Resources */,
				33CC542C1F97968E001F0F6A /* Assets.xcassets in Resources */,
				33CC542A1F97968E001F0F6A /* Main.storyboard in Resources */,
			);
			runOnlyForDeploymentPostprocessing = 0;
		};
/* End PBXResourcesBuildPhase section */

/* Begin PBXSourcesBuildPhase section */
		33CC541D1F97968E001F0F6A /* Sources */ = {
			isa = PBXSourcesBuildPhase;
			buildActionMask = 2147483647;
			files = (
				3396956E1FBA1F66005CA008 /* PetsCategoryCVCell.swift in Sources */,
				334E51641FB923BC00C2CB90 /* CategoriesVC.swift in Sources */,
				33CC54271F97968E001F0F6A /* HomeTVC.swift in Sources */,
				339695681FBA0A66005CA008 /* LoginVC.swift in Sources */,
				33ABD2B31FB9E5B200F89BC4 /* SliderTVCell.swift in Sources */,
				339695701FBA3880005CA008 /* Extensions.swift in Sources */,
				3396956A1FBA0E43005CA008 /* RegisterVC.swift in Sources */,
				331001071FBA552600017F56 /* PromotionsTVCell.swift in Sources */,
				33CC54251F97968E001F0F6A /* AppDelegate.swift in Sources */,
				33ABD2B51FB9E5D800F89BC4 /* SliderCVCell.swift in Sources */,
				3396956C1FBA1F05005CA008 /* PetsCategoryTVCell.swift in Sources */,
			);
			runOnlyForDeploymentPostprocessing = 0;
		};
/* End PBXSourcesBuildPhase section */

/* Begin PBXVariantGroup section */
		33CC54281F97968E001F0F6A /* Main.storyboard */ = {
			isa = PBXVariantGroup;
			children = (
				33CC54291F97968E001F0F6A /* Base */,
			);
			name = Main.storyboard;
			sourceTree = "<group>";
		};
		33CC542D1F97968E001F0F6A /* LaunchScreen.storyboard */ = {
			isa = PBXVariantGroup;
			children = (
				33CC542E1F97968E001F0F6A /* Base */,
			);
			name = LaunchScreen.storyboard;
			sourceTree = "<group>";
		};
/* End PBXVariantGroup section */

/* Begin XCBuildConfiguration section */
		33CC54311F97968E001F0F6A /* Debug */ = {
			isa = XCBuildConfiguration;
			buildSettings = {
				ALWAYS_SEARCH_USER_PATHS = NO;
				CLANG_ANALYZER_NONNULL = YES;
				CLANG_ANALYZER_NUMBER_OBJECT_CONVERSION = YES_AGGRESSIVE;
				CLANG_CXX_LANGUAGE_STANDARD = "gnu++0x";
				CLANG_CXX_LIBRARY = "libc++";
				CLANG_ENABLE_MODULES = YES;
				CLANG_ENABLE_OBJC_ARC = YES;
				CLANG_WARN_BOOL_CONVERSION = YES;
				CLANG_WARN_CONSTANT_CONVERSION = YES;
				CLANG_WARN_DIRECT_OBJC_ISA_USAGE = YES_ERROR;
				CLANG_WARN_DOCUMENTATION_COMMENTS = YES;
				CLANG_WARN_EMPTY_BODY = YES;
				CLANG_WARN_ENUM_CONVERSION = YES;
				CLANG_WARN_INFINITE_RECURSION = YES;
				CLANG_WARN_INT_CONVERSION = YES;
				CLANG_WARN_OBJC_ROOT_CLASS = YES_ERROR;
				CLANG_WARN_SUSPICIOUS_MOVE = YES;
				CLANG_WARN_UNREACHABLE_CODE = YES;
				CLANG_WARN__DUPLICATE_METHOD_MATCH = YES;
				"CODE_SIGN_IDENTITY[sdk=iphoneos*]" = "iPhone Developer";
				COPY_PHASE_STRIP = NO;
				DEBUG_INFORMATION_FORMAT = dwarf;
				ENABLE_STRICT_OBJC_MSGSEND = YES;
				ENABLE_TESTABILITY = YES;
				GCC_C_LANGUAGE_STANDARD = gnu99;
				GCC_DYNAMIC_NO_PIC = NO;
				GCC_NO_COMMON_BLOCKS = YES;
				GCC_OPTIMIZATION_LEVEL = 0;
				GCC_PREPROCESSOR_DEFINITIONS = (
					"DEBUG=1",
					"$(inherited)",
				);
				GCC_WARN_64_TO_32_BIT_CONVERSION = YES;
				GCC_WARN_ABOUT_RETURN_TYPE = YES_ERROR;
				GCC_WARN_UNDECLARED_SELECTOR = YES;
				GCC_WARN_UNINITIALIZED_AUTOS = YES_AGGRESSIVE;
				GCC_WARN_UNUSED_FUNCTION = YES;
				GCC_WARN_UNUSED_VARIABLE = YES;
				IPHONEOS_DEPLOYMENT_TARGET = 10.3;
				MTL_ENABLE_DEBUG_INFO = YES;
				ONLY_ACTIVE_ARCH = YES;
				SDKROOT = iphoneos;
				SWIFT_ACTIVE_COMPILATION_CONDITIONS = DEBUG;
				SWIFT_OPTIMIZATION_LEVEL = "-Onone";
				TARGETED_DEVICE_FAMILY = "1,2";
			};
			name = Debug;
		};
		33CC54321F97968E001F0F6A /* Release */ = {
			isa = XCBuildConfiguration;
			buildSettings = {
				ALWAYS_SEARCH_USER_PATHS = NO;
				CLANG_ANALYZER_NONNULL = YES;
				CLANG_ANALYZER_NUMBER_OBJECT_CONVERSION = YES_AGGRESSIVE;
				CLANG_CXX_LANGUAGE_STANDARD = "gnu++0x";
				CLANG_CXX_LIBRARY = "libc++";
				CLANG_ENABLE_MODULES = YES;
				CLANG_ENABLE_OBJC_ARC = YES;
				CLANG_WARN_BOOL_CONVERSION = YES;
				CLANG_WARN_CONSTANT_CONVERSION = YES;
				CLANG_WARN_DIRECT_OBJC_ISA_USAGE = YES_ERROR;
				CLANG_WARN_DOCUMENTATION_COMMENTS = YES;
				CLANG_WARN_EMPTY_BODY = YES;
				CLANG_WARN_ENUM_CONVERSION = YES;
				CLANG_WARN_INFINITE_RECURSION = YES;
				CLANG_WARN_INT_CONVERSION = YES;
				CLANG_WARN_OBJC_ROOT_CLASS = YES_ERROR;
				CLANG_WARN_SUSPICIOUS_MOVE = YES;
				CLANG_WARN_UNREACHABLE_CODE = YES;
				CLANG_WARN__DUPLICATE_METHOD_MATCH = YES;
				"CODE_SIGN_IDENTITY[sdk=iphoneos*]" = "iPhone Developer";
				COPY_PHASE_STRIP = NO;
				DEBUG_INFORMATION_FORMAT = "dwarf-with-dsym";
				ENABLE_NS_ASSERTIONS = NO;
				ENABLE_STRICT_OBJC_MSGSEND = YES;
				GCC_C_LANGUAGE_STANDARD = gnu99;
				GCC_NO_COMMON_BLOCKS = YES;
				GCC_WARN_64_TO_32_BIT_CONVERSION = YES;
				GCC_WARN_ABOUT_RETURN_TYPE = YES_ERROR;
				GCC_WARN_UNDECLARED_SELECTOR = YES;
				GCC_WARN_UNINITIALIZED_AUTOS = YES_AGGRESSIVE;
				GCC_WARN_UNUSED_FUNCTION = YES;
				GCC_WARN_UNUSED_VARIABLE = YES;
				IPHONEOS_DEPLOYMENT_TARGET = 10.3;
				MTL_ENABLE_DEBUG_INFO = NO;
				SDKROOT = iphoneos;
				SWIFT_OPTIMIZATION_LEVEL = "-Owholemodule";
				TARGETED_DEVICE_FAMILY = "1,2";
				VALIDATE_PRODUCT = YES;
			};
			name = Release;
		};
		33CC54341F97968E001F0F6A /* Debug */ = {
			isa = XCBuildConfiguration;
			buildSettings = {
				ASSETCATALOG_COMPILER_APPICON_NAME = AppIcon;
				CODE_SIGN_STYLE = Manual;
				DEVELOPMENT_TEAM = "";
				INFOPLIST_FILE = Petsco/Info.plist;
				LD_RUNPATH_SEARCH_PATHS = "$(inherited) @executable_path/Frameworks";
				PRODUCT_BUNDLE_IDENTIFIER = net.petsco.mob;
				PRODUCT_NAME = "$(TARGET_NAME)";
				PROVISIONING_PROFILE_SPECIFIER = "";
				SWIFT_VERSION = 4.0;
			};
			name = Debug;
		};
		33CC54351F97968E001F0F6A /* Release */ = {
			isa = XCBuildConfiguration;
			buildSettings = {
				ASSETCATALOG_COMPILER_APPICON_NAME = AppIcon;
				CODE_SIGN_STYLE = Manual;
				DEVELOPMENT_TEAM = "";
				INFOPLIST_FILE = Petsco/Info.plist;
				LD_RUNPATH_SEARCH_PATHS = "$(inherited) @executable_path/Frameworks";
				PRODUCT_BUNDLE_IDENTIFIER = net.petsco.mob;
				PRODUCT_NAME = "$(TARGET_NAME)";
				PROVISIONING_PROFILE_SPECIFIER = "";
				SWIFT_VERSION = 4.0;
			};
			name = Release;
		};
/* End XCBuildConfiguration section */

/* Begin XCConfigurationList section */
		33CC541C1F97968E001F0F6A /* Build configuration list for PBXProject "Petsco" */ = {
			isa = XCConfigurationList;
			buildConfigurations = (
				33CC54311F97968E001F0F6A /* Debug */,
				33CC54321F97968E001F0F6A /* Release */,
			);
			defaultConfigurationIsVisible = 0;
			defaultConfigurationName = Release;
		};
		33CC54331F97968E001F0F6A /* Build configuration list for PBXNativeTarget "Petsco" */ = {
			isa = XCConfigurationList;
			buildConfigurations = (
				33CC54341F97968E001F0F6A /* Debug */,
				33CC54351F97968E001F0F6A /* Release */,
			);
			defaultConfigurationIsVisible = 0;
			defaultConfigurationName = Release;
		};
/* End XCConfigurationList section */
	};
	rootObject = 33CC54191F97968E001F0F6A /* Project object */;
}
